
Microsoft Visual Studio Solution File, Format Version 11.00
# Visual Studio 2010
Project("{FAE04EC0-301F-11D3-BF4B-00C04F79EFBC}") = "Assembly-CSharp", "Assembly-CSharp.csproj", "{a72830d3-4749-86ae-7742-ffbd0b14329b}"
EndProject
Global
	GlobalSection(SolutionConfigurationPlatforms) = preSolution
		Debug|Any CPU = Debug|Any CPU
		Release|Any CPU = Release|Any CPU
	EndGlobalSection
	GlobalSection(ProjectConfigurationPlatforms) = postSolution
		{a72830d3-4749-86ae-7742-ffbd0b14329b}.Debug|Any CPU.ActiveCfg = Debug|Any CPU
		{a72830d3-4749-86ae-7742-ffbd0b14329b}.Debug|Any CPU.Build.0 = Debug|Any CPU
		{a72830d3-4749-86ae-7742-ffbd0b14329b}.Release|Any CPU.ActiveCfg = Release|Any CPU
		{a72830d3-4749-86ae-7742-ffbd0b14329b}.Release|Any CPU.Build.0 = Release|Any CPU
	EndGlobalSection
	GlobalSection(SolutionProperties) = preSolution
		HideSolutionNode = FALSE
	EndGlobalSection
EndGlobal
